{
  "name": "cantou-agent-viz",
  "lockfileVersion": 3,
  "requires": true,
  "packages": {
    "": {
      "name": "cantou-agent-viz",
      "dependencies": {
        "flint-chart": "0.2.2"
      }
    },
    "node_modules/flint-chart": {
      "version": "0.2.2",
      "resolved": "https://registry.npmjs.org/flint-chart/-/flint-chart-0.2.2.tgz",
      "integrity": "sha512-bVhhXNKg1cMyjrK4VPK1puTZ4ia3RURbADEn2Ax349JJCRGW5JeisNVq4X2UhNazrAaVLzuiylcbyw7jjqS+EA==",
      "license": "MIT",
      "engines": {
        "node": ">=18"
      },
      "peerDependencies": {
        "chart.js": "^4.0.0",
        "echarts": "^5.0.0 || ^6.0.0",
        "vega": "^5.0.0 || ^6.0.0",
        "vega-lite": "^5.0.0 || ^6.0.0"
      },
      "peerDependenciesMeta": {
        "chart.js": {
          "optional": true
        },
        "echarts": {
          "optional": true
        },
        "vega": {
          "optional": true
        },
        "vega-lite": {
          "optional": true
        }
      }
    }
  }
}
